// !$*UTF8*$!
{
	archiveVersion = 1;
	classes = {
	};
	objectVersion = 56;
	objects = {

/* Begin PBXBuildFile section */
		930E5AB729BC0D0A00D9E8BA /* AppDelegate.m in Sources */ = {isa = PBXBuildFile; fileRef = 930E5AB629BC0D0A00D9E8BA /* AppDelegate.m */; };
		930E5AB929BC0D0A00D9E8BA /* main.m in Sources */ = {isa = PBXBuildFile; fileRef = 930E5AB829BC0D0A00D9E8BA /* main.m */; };
		930E5ABB29BC0D0A00D9E8BA /* Main.storyboard in Resources */ = {isa = PBXBuildFile; fileRef = 930E5ABA29BC0D0A00D9E8BA /* Main.storyboard */; };
		930E5ABD29BC0D0A00D9E8BA /* LaunchScreen.storyboard in Resources */ = {isa = PBXBuildFile; fileRef = 930E5ABC29BC0D0A00D9E8BA /* LaunchScreen.storyboard */; };
		930E5ABF29BC0D0A00D9E8BA /* Assets.xcassets in Resources */ = {isa = PBXBuildFile; fileRef = 930E5ABE29BC0D0A00D9E8BA /* Assets.xcassets */; };
		930E5AC129BC0D0A00D9E8BA /* Info.plist in Resources */ = {isa = PBXBuildFile; fileRef = 930E5AC029BC0D0A00D9E8BA /* Info.plist */; };
		930E5AC329BC0D0A00D9E8BA /* HAPManager.m in Sources */ = {isa = PBXBuildFile; fileRef = 930E5AC229BC0D0A00D9E8BA /* HAPManager.m */; };
		930E5AC529BC0D0A00D9E8BA /* HAPViewController.m in Sources */ = {isa = PBXBuildFile; fileRef = 930E5AC429BC0D0A00D9E8BA /* HAPViewController.m */; };
		930E5AC729BC0D0A00D9E8BA /* HAPPlayerViewController.m in Sources */ = {isa = PBXBuildFile; fileRef = 930E5AC629BC0D0A00D9E8BA /* HAPPlayerViewController.m */; };
/* End PBXBuildFile section */

/* Begin PBXFileReference section */
		930E5AB029BC0D0A00D9E8BA /* ArkUIPlayer.app */ = {isa = PBXFileReference; explicitFileType = wrapper.application; includeInIndex = 0; path = ArkUIPlayer.app; sourceTree = BUILT_PRODUCTS_DIR; };
		930E5AB529BC0D0A00D9E8BA /* AppDelegate.h */ = {isa = PBXFileReference; lastKnownFileType = sourcecode.c.h; path = AppDelegate.h; sourceTree = "<group>"; };
		930E5AB629BC0D0A00D9E8BA /* AppDelegate.m */ = {isa = PBXFileReference; lastKnownFileType = sourcecode.c.objc; path = AppDelegate.m; sourceTree = "<group>"; };
		930E5AB829BC0D0A00D9E8BA /* main.m */ = {isa = PBXFileReference; lastKnownFileType = sourcecode.c.objc; path = main.m; sourceTree = "<group>"; };
		930E5ABA29BC0D0A00D9E8BA /* Main.storyboard */ = {isa = PBXFileReference; lastKnownFileType = file.storyboard; path = Main.storyboard; sourceTree = "<group>"; };
		930E5ABC29BC0D0A00D9E8BA /* LaunchScreen.storyboard */ = {isa = PBXFileReference; lastKnownFileType = file.storyboard; path = LaunchScreen.storyboard; sourceTree = "<group>"; };
		930E5ABE29BC0D0A00D9E8BA /* Assets.xcassets */ = {isa = PBXFileReference; lastKnownFileType = folder.assetcatalog; path = Assets.xcassets; sourceTree = "<group>"; };
		930E5AC029BC0D0A00D9E8BA /* Info.plist */ = {isa = PBXFileReference; lastKnownFileType = text.plist.xml; path = Info.plist; sourceTree = "<group>"; };
		930E5AC129BC0D0A00D9E8BA /* HAPManager.h */ = {isa = PBXFileReference; lastKnownFileType = sourcecode.c.h; path = HAPManager.h; sourceTree = "<group>"; };
		930E5AC229BC0D0A00D9E8BA /* HAPManager.m */ = {isa = PBXFileReference; lastKnownFileType = sourcecode.c.objc; path = HAPManager.m; sourceTree = "<group>"; };
		930E5AC329BC0D0A00D9E8BA /* HAPViewController.h */ = {isa = PBXFileReference; lastKnownFileType = sourcecode.c.h; path = HAPViewController.h; sourceTree = "<group>"; };
		930E5AC429BC0D0A00D9E8BA /* HAPViewController.m */ = {isa = PBXFileReference; lastKnownFileType = sourcecode.c.objc; path = HAPViewController.m; sourceTree = "<group>"; };
		930E5AC529BC0D0A00D9E8BA /* HAPPlayerViewController.h */ = {isa = PBXFileReference; lastKnownFileType = sourcecode.c.h; path = HAPPlayerViewController.h; sourceTree = "<group>"; };
		930E5AC629BC0D0A00D9E8BA /* HAPPlayerViewController.m */ = {isa = PBXFileReference; lastKnownFileType = sourcecode.c.objc; path = HAPPlayerViewController.m; sourceTree = "<group>"; };
/* End PBXFileReference section */

/* Begin PBXFrameworksBuildPhase section */
		930E5AAE29BC0D0A00D9E8BA /* Frameworks */ = {
			isa = PBXFrameworksBuildPhase;
			buildActionMask = 2147483647;
			files = (
			);
			runOnlyForDeploymentPostprocessing = 0;
		};
/* End PBXFrameworksBuildPhase section */

/* Begin PBXGroup section */
		930E5AA029BC0D0A00D9E8BA = {
			isa = PBXGroup;
			children = (
				930E5AB529BC0D0A00D9E8BA /* AppDelegate.h */,
				930E5AB629BC0D0A00D9E8BA /* AppDelegate.m */,
				930E5AB829BC0D0A00D9E8BA /* main.m */,
				930E5AC129BC0D0A00D9E8BA /* HAPManager.h */,
				930E5AC229BC0D0A00D9E8BA /* HAPManager.m */,
				930E5AC329BC0D0A00D9E8BA /* HAPViewController.h */,
				930E5AC429BC0D0A00D9E8BA /* HAPViewController.m */,
				930E5AC529BC0D0A00D9E8BA /* HAPPlayerViewController.h */,
				930E5AC629BC0D0A00D9E8BA /* HAPPlayerViewController.m */,
				930E5ABA29BC0D0A00D9E8BA /* Main.storyboard */,
				930E5ABC29BC0D0A00D9E8BA /* LaunchScreen.storyboard */,
				930E5ABE29BC0D0A00D9E8BA /* Assets.xcassets */,
				930E5AC029BC0D0A00D9E8BA /* Info.plist */,
			);
			path = ArkUIPlayer;
			sourceTree = "<group>";
		};
		930E5A9E29BC0D0A00D9E8BA = {
			isa = PBXGroup;
			children = (
				930E5AA029BC0D0A00D9E8BA,
				930E5AB029BC0D0A00D9E8BA /* ArkUIPlayer.app */,
			);
			sourceTree = "<group>";
		};
/* End PBXGroup section */

/* Begin PBXNativeTarget section */
		930E5AAE29BC0D0A00D9E8BA /* ArkUIPlayer */ = {
			isa = PBXNativeTarget;
			buildConfigurationList = 930E5AC829BC0D0A00D9E8BA /* Build configuration list for PBXNativeTarget "ArkUIPlayer" */;
			buildPhases = (
				930E5AAF29BC0D0A00D9E8BA /* Sources */,
				930E5AAE29BC0D0A00D9E8BA /* Frameworks */,
				930E5AB129BC0D0A00D9E8BA /* Resources */,
			);
			buildRules = (
			);
			dependencies = (
			);
			name = ArkUIPlayer;
			productName = ArkUIPlayer;
			productReference = 930E5AB029BC0D0A00D9E8BA /* ArkUIPlayer.app */;
			productType = "com.apple.product-type.application";
		};
/* End PBXNativeTarget section */

/* Begin PBXProject section */
		930E5A9F29BC0D0A00D9E8BA /* Project object */ = {
			isa = PBXProject;
			attributes = {
				LastUpgradeCheck = 1400;
				ORGANIZATIONNAME = "";
				TargetAttributes = {
					930E5AAE29BC0D0A00D9E8BA = {
						CreatedOnToolsVersion = 14.0;
					};
				};
			};
			buildConfigurationList = 930E5A9929BC0D0A00D9E8BA /* Build configuration list for PBXProject "ArkUIPlayer" */;
			compatibilityVersion = "Xcode 14.0";
			developmentRegion = en;
			hasScannedForEncodings = 0;
			knownRegions = (
				en,
				Base,
			);
			mainGroup = 930E5A9E29BC0D0A00D9E8BA;
			productRefGroup = 930E5AA029BC0D0A00D9E8BA /* Products */;
			projectDirPath = "";
			projectRoot = "";
			targets = (
				930E5AAE29BC0D0A00D9E8BA /* ArkUIPlayer */,
			);
		};
/* End PBXProject section */

/* Begin PBXSourcesBuildPhase section */
		930E5AAF29BC0D0A00D9E8BA /* Sources */ = {
			isa = PBXSourcesBuildPhase;
			buildActionMask = 2147483647;
			files = (
				930E5AB929BC0D0A00D9E8BA /* main.m in Sources */,
				930E5AB729BC0D0A00D9E8BA /* AppDelegate.m in Sources */,
				930E5AC329BC0D0A00D9E8BA /* HAPManager.m in Sources */,
				930E5AC529BC0D0A00D9E8BA /* HAPViewController.m in Sources */,
				930E5AC729BC0D0A00D9E8BA /* HAPPlayerViewController.m in Sources */,
			);
			runOnlyForDeploymentPostprocessing = 0;
		};
/* End PBXSourcesBuildPhase section */

/* Begin PBXResourcesBuildPhase section */
		930E5AB129BC0D0A00D9E8BA /* Resources */ = {
			isa = PBXResourcesBuildPhase;
			buildActionMask = 2147483647;
			files = (
				930E5AC129BC0D0A00D9E8BA /* Info.plist in Resources */,
				930E5ABB29BC0D0A00D9E8BA /* Main.storyboard in Resources */,
				930E5ABD29BC0D0A00D9E8BA /* LaunchScreen.storyboard in Resources */,
				930E5ABF29BC0D0A00D9E8BA /* Assets.xcassets in Resources */,
			);
			runOnlyForDeploymentPostprocessing = 0;
		};
/* End PBXResourcesBuildPhase section */

/* Begin XCBuildConfiguration section */
		930E5ABA29BC0D0A00D9E8BA /* Debug */ = {
			isa = XCBuildConfiguration;
			buildSettings = {
				ALWAYS_SEARCH_USER_PATHS = NO;
				CLANG_ANALYZER_NONNULL = YES;
				CLANG_ANALYZER_NUMBER_OBJECT_CONVERSION = YES_AGGRESSIVE;
				CLANG_CXX_LANGUAGE_STANDARD = "gnu++17";
				CLANG_CXX_LIBRARY = "libc++";
				CLANG_ENABLE_MODULES = YES;
				CLANG_ENABLE_OBJC_ARC = YES;
				CLANG_WARN_BLOCK_CAPTURE_AUTORELEASING = YES;
				CLANG_WARN_BOOL_CONVERSION = YES;
				CLANG_WARN_COMMA = YES;
				CLANG_WARN_CONSTANT_CONVERSION = YES;
				CLANG_WARN_DEPRECATED_OBJC_IMPLEMENTATIONS = YES;
				CLANG_WARN_DIRECT_OBJC_ISA_USAGE = YES_ERROR;
				CLANG_WARN_DOCUMENTATION_COMMENTS = YES;
				CLANG_WARN_EMPTY_BODY = YES;
				CLANG_WARN_ENUM_CONVERSION = YES;
				CLANG_WARN_INFINITE_RECURSION = YES;
				CLANG_WARN_INT_CONVERSION = YES;
				CLANG_WARN_NON_LITERAL_NULL_CONVERSION = YES;
				CLANG_WARN_OBJC_LITERAL_CONVERSION = YES;
				CLANG_WARN_RANGE_LOOP_ANALYSIS = YES;
				CLANG_WARN_STRICT_PROTOTYPES = YES;
				CLANG_WARN_SUSPICIOUS_MOVE = YES;
				CLANG_WARN_UNGUARDED_AVAILABILITY = YES_AGGRESSIVE;
				CLANG_WARN_UNREACHABLE_CODE = YES;
				CLANG_WARN__DUPLICATE_METHOD_MATCH = YES;
				COPY_PHASE_STRIP = NO;
				DEBUG_INFORMATION_FORMAT = dwarf;
				ENABLE_STRICT_OBJC_MSGSEND = YES;
				ENABLE_TESTABILITY = YES;
				GCC_C_LANGUAGE_STANDARD = gnu17;
				GCC_DYNAMIC_NO_PIC = NO;
				GCC_NO_COMMON_BLOCKS = YES;
				GCC_OPTIMIZATION_LEVEL = 0;
				GCC_PREPROCESSOR_DEFINITIONS = (
					"DEBUG=1",
					"$(inherited)",
				);
				GCC_WARN_64_TO_32_BIT_CONVERSION = YES;
				GCC_WARN_ABOUT_RETURN_TYPE = YES_ERROR;
				GCC_WARN_UNDECLARED_SELECTOR = YES;
				GCC_WARN_UNINITIALIZED_AUTOS = YES_AGGRESSIVE;
				GCC_WARN_UNUSED_FUNCTION = YES;
				GCC_WARN_UNUSED_VARIABLE = YES;
				IPHONEOS_DEPLOYMENT_TARGET = 13.0;
				MTL_ENABLE_DEBUG_INFO = INCLUDE_SOURCE;
				ONLY_ACTIVE_ARCH = YES;
				SDKROOT = iphoneos;
				TARGETED_DEVICE_FAMILY = "1,2";
			};
			name = Debug;
		};
		930E5ABB29BC0D0A00D9E8BA /* Release */ = {
			isa = XCBuildConfiguration;
			buildSettings = {
				ALWAYS_SEARCH_USER_PATHS = NO;
				CLANG_ANALYZER_NONNULL = YES;
				CLANG_ANALYZER_NUMBER_OBJECT_CONVERSION = YES_AGGRESSIVE;
				CLANG_CXX_LANGUAGE_STANDARD = "gnu++17";
				CLANG_CXX_LIBRARY = "libc++";
				CLANG_ENABLE_MODULES = YES;
				CLANG_ENABLE_OBJC_ARC = YES;
				CLANG_WARN_BLOCK_CAPTURE_AUTORELEASING = YES;
				CLANG_WARN_BOOL_CONVERSION = YES;
				CLANG_WARN_COMMA = YES;
				CLANG_WARN_CONSTANT_CONVERSION = YES;
				CLANG_WARN_DEPRECATED_OBJC_IMPLEMENTATIONS = YES;
				CLANG_WARN_DIRECT_OBJC_ISA_USAGE = YES_ERROR;
				CLANG_WARN_DOCUMENTATION_COMMENTS = YES;
				CLANG_WARN_EMPTY_BODY = YES;
				CLANG_WARN_ENUM_CONVERSION = YES;
				CLANG_WARN_INFINITE_RECURSION = YES;
				CLANG_WARN_INT_CONVERSION = YES;
				CLANG_WARN_NON_LITERAL_NULL_CONVERSION = YES;
				CLANG_WARN_OBJC_LITERAL_CONVERSION = YES;
				CLANG_WARN_RANGE_LOOP_ANALYSIS = YES;
				CLANG_WARN_STRICT_PROTOTYPES = YES;
				CLANG_WARN_SUSPICIOUS_MOVE = YES;
				CLANG_WARN_UNGUARDED_AVAILABILITY = YES_AGGRESSIVE;
				CLANG_WARN_UNREACHABLE_CODE = YES;
				CLANG_WARN__DUPLICATE_METHOD_MATCH = YES;
				COPY_PHASE_STRIP = NO;
				DEBUG_INFORMATION_FORMAT = "dwarf-with-dsym";
				ENABLE_NS_ASSERTIONS = NO;
				ENABLE_STRICT_OBJC_MSGSEND = YES;
				GCC_C_LANGUAGE_STANDARD = gnu17;
				GCC_NO_COMMON_BLOCKS = YES;
				GCC_WARN_64_TO_32_BIT_CONVERSION = YES;
				GCC_WARN_ABOUT_RETURN_TYPE = YES_ERROR;
				GCC_WARN_UNDECLARED_SELECTOR = YES;
				GCC_WARN_UNINITIALIZED_AUTOS = YES_AGGRESSIVE;
				GCC_WARN_UNUSED_FUNCTION = YES;
				GCC_WARN_UNUSED_VARIABLE = YES;
				IPHONEOS_DEPLOYMENT_TARGET = 13.0;
				MTL_ENABLE_DEBUG_INFO = NO;
				SDKROOT = iphoneos;
				TARGETED_DEVICE_FAMILY = "1,2";
			};
			name = Release;
		};
		930E5ABD29BC0D0A00D9E8BA /* Debug */ = {
			isa = XCBuildConfiguration;
			buildSettings = {
				ASSETCATALOG_COMPILER_APPICON_NAME = AppIcon;
				INFOPLIST_FILE = ArkUIPlayer/Info.plist;
				IPHONEOS_DEPLOYMENT_TARGET = 13.0;
				LD_RUNPATH_SEARCH_PATHS = "$(inherited) @executable_path/Frameworks";
				PRODUCT_BUNDLE_IDENTIFIER = com.example.ArkUIPlayer;
				PRODUCT_NAME = "$(TARGET_NAME)";
				TARGETED_DEVICE_FAMILY = "1,2";
			};
			name = Debug;
		};
		930E5ABE29BC0D0A00D9E8BA /* Release */ = {
			isa = XCBuildConfiguration;
			buildSettings = {
				ASSETCATALOG_COMPILER_APPICON_NAME = AppIcon;
				INFOPLIST_FILE = ArkUIPlayer/Info.plist;
				IPHONEOS_DEPLOYMENT_TARGET = 13.0;
				LD_RUNPATH_SEARCH_PATHS = "$(inherited) @executable_path/Frameworks";
				PRODUCT_BUNDLE_IDENTIFIER = com.example.ArkUIPlayer;
				PRODUCT_NAME = "$(TARGET_NAME)";
				TARGETED_DEVICE_FAMILY = "1,2";
			};
			name = Release;
		};
/* End XCBuildConfiguration section */

/* Begin XCConfigurationList section */
		930E5A9929BC0D0A00D9E8BA /* Build configuration list for PBXProject "ArkUIPlayer" */ = {
			isa = XCConfigurationList;
			buildConfigurations = (
				930E5ABA29BC0D0A00D9E8BA /* Debug */,
				930E5ABB29BC0D0A00D9E8BA /* Release */,
			);
			defaultConfigurationIsVisible = 0;
			defaultConfigurationName = Release;
		};
		930E5AC829BC0D0A00D9E8BA /* Build configuration list for PBXNativeTarget "ArkUIPlayer" */ = {
			isa = XCConfigurationList;
			buildConfigurations = (
				930E5ABD29BC0D0A00D9E8BA /* Debug */,
				930E5ABE29BC0D0A00D9E8BA /* Release */,
			);
			defaultConfigurationIsVisible = 0;
			defaultConfigurationName = Release;
		};
/* End XCConfigurationList section */
	};
	rootObject = 930E5A9F29BC0D0A00D9E8BA /* Project object */;
}
